// !$*UTF8*$!
{
	archiveVersion = 1;
	classes = {
	};
	objectVersion = 51;
	objects = {

/* Begin PBXBuildFile section */
		9166EF2C2338AF5F0086C70E /* BaseViewController.swift in Sources */ = {isa = PBXBuildFile; fileRef = 9166EF2B2338AF5F0086C70E /* BaseViewController.swift */; };
		9166EF2E2338B0BF0086C70E /* BaseSwitchPetViewController.swift in Sources */ = {isa = PBXBuildFile; fileRef = 9166EF2D2338B0BF0086C70E /* BaseSwitchPetViewController.swift */; };
		9166EF302338B7D20086C70E /* UIImageExtension.swift in Sources */ = {isa = PBXBuildFile; fileRef = 9166EF2F2338B7D20086C70E /* UIImageExtension.swift */; };
		9166EF362338B7FA0086C70E /* UITextFieldExtension.swift in Sources */ = {isa = PBXBuildFile; fileRef = 9166EF312338B7F90086C70E /* UITextFieldExtension.swift */; };
		9166EF372338B7FA0086C70E /* StringExtension.swift in Sources */ = {isa = PBXBuildFile; fileRef = 9166EF322338B7F90086C70E /* StringExtension.swift */; };
		9166EF382338B7FA0086C70E /* DateExtension.swift in Sources */ = {isa = PBXBuildFile; fileRef = 9166EF332338B7F90086C70E /* DateExtension.swift */; };
		9166EF392338B7FA0086C70E /* IntExtension.swift in Sources */ = {isa = PBXBuildFile; fileRef = 9166EF342338B7F90086C70E /* IntExtension.swift */; };
		9166EF3A2338B7FA0086C70E /* UIScreenExtension.swift in Sources */ = {isa = PBXBuildFile; fileRef = 9166EF352338B7FA0086C70E /* UIScreenExtension.swift */; };
		9166EF3C2338B8900086C70E /* BaseContainerViewController.swift in Sources */ = {isa = PBXBuildFile; fileRef = 9166EF3B2338B8900086C70E /* BaseContainerViewController.swift */; };
		9166EF502338BBDE0086C70E /* PNChartView.swift in Sources */ = {isa = PBXBuildFile; fileRef = 9166EF4F2338BBDD0086C70E /* PNChartView.swift */; };
		9166EF562338BC010086C70E /* DescriptionTableViewCell.xib in Resources */ = {isa = PBXBuildFile; fileRef = 9166EF522338BC010086C70E /* DescriptionTableViewCell.xib */; };
		9166EF572338BC010086C70E /* DescriptionTableViewCell.swift in Sources */ = {isa = PBXBuildFile; fileRef = 9166EF532338BC010086C70E /* DescriptionTableViewCell.swift */; };
		9166EF582338BC010086C70E /* DateSelectTableViewCell.swift in Sources */ = {isa = PBXBuildFile; fileRef = 9166EF542338BC010086C70E /* DateSelectTableViewCell.swift */; };
		9166EF592338BC010086C70E /* DateSelectTableViewCell.xib in Resources */ = {isa = PBXBuildFile; fileRef = 9166EF552338BC010086C70E /* DateSelectTableViewCell.xib */; };
		9166EF8A2338BDBD0086C70E /* BasicCollectionViewCell.swift in Sources */ = {isa = PBXBuildFile; fileRef = 9166EF832338BDBC0086C70E /* BasicCollectionViewCell.swift */; };
		9166EF8B2338BDBD0086C70E /* BasicCollectionViewCell.xib in Resources */ = {isa = PBXBuildFile; fileRef = 9166EF842338BDBC0086C70E /* BasicCollectionViewCell.xib */; };
		9166EF8C2338BDBD0086C70E /* PetsCollectionViewCell.xib in Resources */ = {isa = PBXBuildFile; fileRef = 9166EF872338BDBC0086C70E /* PetsCollectionViewCell.xib */; };
		9166EF8D2338BDBD0086C70E /* PetsCollectionViewCell.swift in Sources */ = {isa = PBXBuildFile; fileRef = 9166EF882338BDBC0086C70E /* PetsCollectionViewCell.swift */; };
		9166EF8E2338BDBD0086C70E /* SwitchPetView.swift in Sources */ = {isa = PBXBuildFile; fileRef = 9166EF892338BDBC0086C70E /* SwitchPetView.swift */; };
		9166EF9C2338BE890086C70E /* TitleWithDateTableViewCell.swift in Sources */ = {isa = PBXBuildFile; fileRef = 9166EF922338BE890086C70E /* TitleWithDateTableViewCell.swift */; };
		9166EF9D2338BE890086C70E /* TitleWithButtonTableViewCell.xib in Resources */ = {isa = PBXBuildFile; fileRef = 9166EF932338BE890086C70E /* TitleWithButtonTableViewCell.xib */; };
		9166EF9E2338BE890086C70E /* BasicMedicalRecordTableViewCell.swift in Sources */ = {isa = PBXBuildFile; fileRef = 9166EF942338BE890086C70E /* BasicMedicalRecordTableViewCell.swift */; };
		9166EF9F2338BE890086C70E /* TitleWithDateTableViewCell.xib in Resources */ = {isa = PBXBuildFile; fileRef = 9166EF952338BE890086C70E /* TitleWithDateTableViewCell.xib */; };
		9166EFA02338BE890086C70E /* TitleWithButtonTableViewCell.swift in Sources */ = {isa = PBXBuildFile; fileRef = 9166EF962338BE890086C70E /* TitleWithButtonTableViewCell.swift */; };
		9166EFA12338BE890086C70E /* BasicMedicalRecordTableViewCell.xib in Resources */ = {isa = PBXBuildFile; fileRef = 9166EF972338BE890086C70E /* BasicMedicalRecordTableViewCell.xib */; };
		9166EFA22338BE890086C70E /* MedicalBasicTableViewCell.xib in Resources */ = {isa = PBXBuildFile; fileRef = 9166EF982338BE890086C70E /* MedicalBasicTableViewCell.xib */; };
		9166EFA32338BE890086C70E /* MedicalRecordTableViewCell.swift in Sources */ = {isa = PBXBuildFile; fileRef = 9166EF992338BE890086C70E /* MedicalRecordTableViewCell.swift */; };
		9166EFA42338BE890086C70E /* MedicalBasicTableViewCell.swift in Sources */ = {isa = PBXBuildFile; fileRef = 9166EF9A2338BE890086C70E /* MedicalBasicTableViewCell.swift */; };
		9166EFA52338BE890086C70E /* MedicalRecordTableViewCell.xib in Resources */ = {isa = PBXBuildFile; fileRef = 9166EF9B2338BE890086C70E /* MedicalRecordTableViewCell.xib */; };
		9166EFA92338BEE40086C70E /* SettingNotifyTableViewCell.swift in Sources */ = {isa = PBXBuildFile; fileRef = 9166EFA72338BEE40086C70E /* SettingNotifyTableViewCell.swift */; };
		9166EFAA2338BEE40086C70E /* SettingNotifyTableViewCell.xib in Resources */ = {isa = PBXBuildFile; fileRef = 9166EFA82338BEE40086C70E /* SettingNotifyTableViewCell.xib */; };
		9166EFD02338C05D0086C70E /* ProfileRootView.swift in Sources */ = {isa = PBXBuildFile; fileRef = 9166EFAC2338C05D0086C70E /* ProfileRootView.swift */; };
		9166EFD12338C05D0086C70E /* ChartTableViewCell.xib in Resources */ = {isa = PBXBuildFile; fileRef = 9166EFAE2338C05D0086C70E /* ChartTableViewCell.xib */; };
		9166EFD22338C05D0086C70E /* WeightLabelTableViewCell.swift in Sources */ = {isa = PBXBuildFile; fileRef = 9166EFAF2338C05D0086C70E /* WeightLabelTableViewCell.swift */; };
		9166EFD32338C05D0086C70E /* WeightLabelTableViewCell.xib in Resources */ = {isa = PBXBuildFile; fileRef = 9166EFB02338C05D0086C70E /* WeightLabelTableViewCell.xib */; };
		9166EFD42338C05D0086C70E /* ChartTableViewCell.swift in Sources */ = {isa = PBXBuildFile; fileRef = 9166EFB12338C05D0086C70E /* ChartTableViewCell.swift */; };
		9166EFD52338C05D0086C70E /* __WeightLabelTableViewCell.xib in Resources */ = {isa = PBXBuildFile; fileRef = 9166EFB22338C05D0086C70E /* __WeightLabelTableViewCell.xib */; };
		9166EFD62338C05D0086C70E /* ProfileTableViewCell.swift in Sources */ = {isa = PBXBuildFile; fileRef = 9166EFB42338C05D0086C70E /* ProfileTableViewCell.swift */; };
		9166EFD72338C05D0086C70E /* ProfileTableViewCell.xib in Resources */ = {isa = PBXBuildFile; fileRef = 9166EFB52338C05D0086C70E /* ProfileTableViewCell.xib */; };
		9166EFD82338C05D0086C70E /* WithImageSectionHeaderView.xib in Resources */ = {isa = PBXBuildFile; fileRef = 9166EFB72338C05D0086C70E /* WithImageSectionHeaderView.xib */; };
		9166EFD92338C05D0086C70E /* AddDataTableViewSectionHeaderView.swift in Sources */ = {isa = PBXBuildFile; fileRef = 9166EFB82338C05D0086C70E /* AddDataTableViewSectionHeaderView.swift */; };
		9166EFDA2338C05D0086C70E /* AddDataTableViewSectionHeaderView.xib in Resources */ = {isa = PBXBuildFile; fileRef = 9166EFB92338C05D0086C70E /* AddDataTableViewSectionHeaderView.xib */; };
		9166EFDB2338C05D0086C70E /* WithImageSectionHeaderView.swift in Sources */ = {isa = PBXBuildFile; fileRef = 9166EFBA2338C05D0086C70E /* WithImageSectionHeaderView.swift */; };
		9166EFDC2338C05D0086C70E /* AddPetView.swift in Sources */ = {isa = PBXBuildFile; fileRef = 9166EFBB2338C05D0086C70E /* AddPetView.swift */; };
		9166EFDE2338C05D0086C70E /* AddImageTableViewCell.xib in Resources */ = {isa = PBXBuildFile; fileRef = 9166EFBE2338C05D0086C70E /* AddImageTableViewCell.xib */; };
		9166EFE02338C05D0086C70E /* AddImageTableViewCell.swift in Sources */ = {isa = PBXBuildFile; fileRef = 9166EFC02338C05D0086C70E /* AddImageTableViewCell.swift */; };
		9166EFE22338C05D0086C70E /* ModifyBasicInfoTableViewCell.xib in Resources */ = {isa = PBXBuildFile; fileRef = 9166EFC22338C05D0086C70E /* ModifyBasicInfoTableViewCell.xib */; };
		9166EFE32338C05D0086C70E /* BasicInfoTableViewCell.swift in Sources */ = {isa = PBXBuildFile; fileRef = 9166EFC32338C05D0086C70E /* BasicInfoTableViewCell.swift */; };
		9166EFE42338C05D0086C70E /* BasicInfoTableViewCell.xib in Resources */ = {isa = PBXBuildFile; fileRef = 9166EFC42338C05D0086C70E /* BasicInfoTableViewCell.xib */; };
		9166EFE52338C05D0086C70E /* ModifyBasicInfoTableViewCell.swift in Sources */ = {isa = PBXBuildFile; fileRef = 9166EFC52338C05D0086C70E /* ModifyBasicInfoTableViewCell.swift */; };
		9166EFE62338C05D0086C70E /* ProtectTypeTableViewCell.swift in Sources */ = {isa = PBXBuildFile; fileRef = 9166EFC72338C05D0086C70E /* ProtectTypeTableViewCell.swift */; };
		9166EFE72338C05D0086C70E /* ProtectPlanTableViewCell.swift in Sources */ = {isa = PBXBuildFile; fileRef = 9166EFC82338C05D0086C70E /* ProtectPlanTableViewCell.swift */; };
		9166EFE82338C05D0086C70E /* ProtectTypeTableViewCell.xib in Resources */ = {isa = PBXBuildFile; fileRef = 9166EFC92338C05D0086C70E /* ProtectTypeTableViewCell.xib */; };
		9166EFE92338C05D0086C70E /* ProtectPlanTableViewCell.xib in Resources */ = {isa = PBXBuildFile; fileRef = 9166EFCA2338C05D0086C70E /* ProtectPlanTableViewCell.xib */; };
		9166EFEA2338C05D0086C70E /* NotifyTableViewCell.swift in Sources */ = {isa = PBXBuildFile; fileRef = 9166EFCC2338C05D0086C70E /* NotifyTableViewCell.swift */; };
		9166EFEB2338C05D0086C70E /* NotifyTableViewCell.xib in Resources */ = {isa = PBXBuildFile; fileRef = 9166EFCD2338C05D0086C70E /* NotifyTableViewCell.xib */; };
		9166EFEC2338C05D0086C70E /* ProfileDetailView.swift in Sources */ = {isa = PBXBuildFile; fileRef = 9166EFCE2338C05D0086C70E /* ProfileDetailView.swift */; };
		9166EFED2338C05D0086C70E /* AddPetView.xib in Resources */ = {isa = PBXBuildFile; fileRef = 9166EFCF2338C05D0086C70E /* AddPetView.xib */; };
		9166EFFC2338C19D0086C70E /* ProfileDetailViewController.swift in Sources */ = {isa = PBXBuildFile; fileRef = 9166EFEF2338C19D0086C70E /* ProfileDetailViewController.swift */; };
		9166EFFE2338C19D0086C70E /* WeightRecordViewController.swift in Sources */ = {isa = PBXBuildFile; fileRef = 9166EFF12338C19D0086C70E /* WeightRecordViewController.swift */; };
		9166EFFF2338C19D0086C70E /* ModifyBaseInfoViewController.swift in Sources */ = {isa = PBXBuildFile; fileRef = 9166EFF32338C19D0086C70E /* ModifyBaseInfoViewController.swift */; };
		9166F0002338C19D0086C70E /* BasicInfoViewController.swift in Sources */ = {isa = PBXBuildFile; fileRef = 9166EFF42338C19D0086C70E /* BasicInfoViewController.swift */; };
		9166F0012338C19D0086C70E /* AddPetViewController.swift in Sources */ = {isa = PBXBuildFile; fileRef = 9166EFF52338C19D0086C70E /* AddPetViewController.swift */; };
		9166F0022338C19D0086C70E /* DeseasePreventionViewController.swift in Sources */ = {isa = PBXBuildFile; fileRef = 9166EFF62338C19D0086C70E /* DeseasePreventionViewController.swift */; };
		9166F0032338C19D0086C70E /* ProtectPlanViewController.swift in Sources */ = {isa = PBXBuildFile; fileRef = 9166EFF82338C19D0086C70E /* ProtectPlanViewController.swift */; };
		9166F0042338C19D0086C70E /* AddingProtectPlanViewController.swift in Sources */ = {isa = PBXBuildFile; fileRef = 9166EFF92338C19D0086C70E /* AddingProtectPlanViewController.swift */; };
		9166F0052338C19D0086C70E /* ProfileViewController.swift in Sources */ = {isa = PBXBuildFile; fileRef = 9166EFFA2338C19D0086C70E /* ProfileViewController.swift */; };
		9166F0062338C19D0086C70E /* HealthRecordViewController.swift in Sources */ = {isa = PBXBuildFile; fileRef = 9166EFFB2338C19D0086C70E /* HealthRecordViewController.swift */; };
		9166F00A2338C1C80086C70E /* RecordViewController.swift in Sources */ = {isa = PBXBuildFile; fileRef = 9166F0082338C1C80086C70E /* RecordViewController.swift */; };
		9166F00B2338C1C80086C70E /* AddRecordViewController.swift in Sources */ = {isa = PBXBuildFile; fileRef = 9166F0092338C1C80086C70E /* AddRecordViewController.swift */; };
		9166F0182338C1EE0086C70E /* SettingNotifyViewController.swift in Sources */ = {isa = PBXBuildFile; fileRef = 9166F00D2338C1EE0086C70E /* SettingNotifyViewController.swift */; };
		9166F0192338C1EE0086C70E /* AddMedicalRecordViewController.swift in Sources */ = {isa = PBXBuildFile; fileRef = 9166F00F2338C1EE0086C70E /* AddMedicalRecordViewController.swift */; };
		9166F01A2338C1EE0086C70E /* MedicalViewController.swift in Sources */ = {isa = PBXBuildFile; fileRef = 9166F0102338C1EE0086C70E /* MedicalViewController.swift */; };
		9166F01B2338C1EE0086C70E /* AddMedicalViewController.swift in Sources */ = {isa = PBXBuildFile; fileRef = 9166F0112338C1EE0086C70E /* AddMedicalViewController.swift */; };
		9166F01C2338C1EE0086C70E /* OtherFunctionViewController.swift in Sources */ = {isa = PBXBuildFile; fileRef = 9166F0132338C1EE0086C70E /* OtherFunctionViewController.swift */; };
		9166F01D2338C1EE0086C70E /* SearchHospitalViewController.swift in Sources */ = {isa = PBXBuildFile; fileRef = 9166F0142338C1EE0086C70E /* SearchHospitalViewController.swift */; };
		9166F01E2338C1EE0086C70E /* NotificationManageViewController.swift in Sources */ = {isa = PBXBuildFile; fileRef = 9166F0152338C1EE0086C70E /* NotificationManageViewController.swift */; };
		9166F01F2338C1EE0086C70E /* NotificatonViewController.swift in Sources */ = {isa = PBXBuildFile; fileRef = 9166F0162338C1EE0086C70E /* NotificatonViewController.swift */; };
		9166F0202338C1EE0086C70E /* SearchHospitalResultViewController.swift in Sources */ = {isa = PBXBuildFile; fileRef = 9166F0172338C1EE0086C70E /* SearchHospitalResultViewController.swift */; };
		9166F0332338C2AA0086C70E /* LocalFileManager.swift in Sources */ = {isa = PBXBuildFile; fileRef = 9166F0222338C2AA0086C70E /* LocalFileManager.swift */; };
		9166F0342338C2AA0086C70E /* HospitalAPIManager.swift in Sources */ = {isa = PBXBuildFile; fileRef = 9166F0242338C2AA0086C70E /* HospitalAPIManager.swift */; };
		9166F0352338C2AA0086C70E /* Hospital.swift in Sources */ = {isa = PBXBuildFile; fileRef = 9166F0252338C2AA0086C70E /* Hospital.swift */; };
		9166F0362338C2AA0086C70E /* HospitalRequest.swift in Sources */ = {isa = PBXBuildFile; fileRef = 9166F0262338C2AA0086C70E /* HospitalRequest.swift */; };
		9166F0372338C2AA0086C70E /* ProtectPlan.swift in Sources */ = {isa = PBXBuildFile; fileRef = 9166F0282338C2AA0086C70E /* ProtectPlan.swift */; };
		9166F0382338C2AA0086C70E /* Pet.swift in Sources */ = {isa = PBXBuildFile; fileRef = 9166F0292338C2AA0086C70E /* Pet.swift */; };
		9166F0392338C2AA0086C70E /* HTTPClient.swift in Sources */ = {isa = PBXBuildFile; fileRef = 9166F02B2338C2AA0086C70E /* HTTPClient.swift */; };
		9166F03A2338C2AA0086C70E /* MedicalRecord.swift in Sources */ = {isa = PBXBuildFile; fileRef = 9166F02D2338C2AA0086C70E /* MedicalRecord.swift */; };
		9166F03B2338C2AA0086C70E /* PetNote.xcdatamodeld in Sources */ = {isa = PBXBuildFile; fileRef = 9166F02F2338C2AA0086C70E /* PetNote.xcdatamodeld */; };
		9166F03C2338C2AA0086C70E /* PNPetInfoExtension.swift in Sources */ = {isa = PBXBuildFile; fileRef = 9166F0312338C2AA0086C70E /* PNPetInfoExtension.swift */; };
		9166F03D2338C2AA0086C70E /* StorageManager.swift in Sources */ = {isa = PBXBuildFile; fileRef = 9166F0322338C2AA0086C70E /* StorageManager.swift */; };
		9166F03F2338CAFB0086C70E /* Notify.storyboard in Resources */ = {isa = PBXBuildFile; fileRef = 9166F03E2338CAFB0086C70E /* Notify.storyboard */; };
		9166F0442338CBD10086C70E /* SearchHospitalView.swift in Sources */ = {isa = PBXBuildFile; fileRef = 9166F0412338CBD10086C70E /* SearchHospitalView.swift */; };
		9166F0452338CBD10086C70E /* HospitalDataTableViewCell.swift in Sources */ = {isa = PBXBuildFile; fileRef = 9166F0422338CBD10086C70E /* HospitalDataTableViewCell.swift */; };
		9166F0462338CBD10086C70E /* HospitalDataTableViewCell.xib in Resources */ = {isa = PBXBuildFile; fileRef = 9166F0432338CBD10086C70E /* HospitalDataTableViewCell.xib */; };
		9181BC2723177E1C007BB7C6 /* AppDelegate.swift in Sources */ = {isa = PBXBuildFile; fileRef = 9181BC2623177E1C007BB7C6 /* AppDelegate.swift */; };
		9181BC2923177E1C007BB7C6 /* TabBarViewController.swift in Sources */ = {isa = PBXBuildFile; fileRef = 9181BC2823177E1C007BB7C6 /* TabBarViewController.swift */; };
		9181BC2C23177E1C007BB7C6 /* Main.storyboard in Resources */ = {isa = PBXBuildFile; fileRef = 9181BC2A23177E1C007BB7C6 /* Main.storyboard */; };
		9181BC3123177E1D007BB7C6 /* Assets.xcassets in Resources */ = {isa = PBXBuildFile; fileRef = 9181BC3023177E1D007BB7C6 /* Assets.xcassets */; };
		9181BC3423177E1D007BB7C6 /* LaunchScreen.storyboard in Resources */ = {isa = PBXBuildFile; fileRef = 9181BC3223177E1D007BB7C6 /* LaunchScreen.storyboard */; };
		9181BC402317A02F007BB7C6 /* Profile.storyboard in Resources */ = {isa = PBXBuildFile; fileRef = 9181BC3F2317A02F007BB7C6 /* Profile.storyboard */; };
		9181BC422317A03D007BB7C6 /* Record.storyboard in Resources */ = {isa = PBXBuildFile; fileRef = 9181BC412317A03D007BB7C6 /* Record.storyboard */; };
		9181BC442317A050007BB7C6 /* Medical.storyboard in Resources */ = {isa = PBXBuildFile; fileRef = 9181BC432317A050007BB7C6 /* Medical.storyboard */; };
		9181BC462317A067007BB7C6 /* Other.storyboard in Resources */ = {isa = PBXBuildFile; fileRef = 9181BC452317A067007BB7C6 /* Other.storyboard */; };
		9181BC492317AA3F007BB7C6 /* UIStoryboardExtension.swift in Sources */ = {isa = PBXBuildFile; fileRef = 9181BC482317AA3F007BB7C6 /* UIStoryboardExtension.swift */; };
		9181BC572317C8C2007BB7C6 /* UITableViewExtension.swift in Sources */ = {isa = PBXBuildFile; fileRef = 9181BC562317C8C2007BB7C6 /* UITableViewExtension.swift */; };
		9181BC592317CC4B007BB7C6 /* UIViewExtension.swift in Sources */ = {isa = PBXBuildFile; fileRef = 9181BC582317CC4B007BB7C6 /* UIViewExtension.swift */; };
		9181BC5D2317DE27007BB7C6 /* SelectionView.swift in Sources */ = {isa = PBXBuildFile; fileRef = 9181BC5C2317DE27007BB7C6 /* SelectionView.swift */; };
		9181BC632318ED07007BB7C6 /* BaseNavigationController.swift in Sources */ = {isa = PBXBuildFile; fileRef = 9181BC622318ED07007BB7C6 /* BaseNavigationController.swift */; };
		9181BC672319119D007BB7C6 /* UICollectionViewExtension.swift in Sources */ = {isa = PBXBuildFile; fileRef = 9181BC662319119C007BB7C6 /* UICollectionViewExtension.swift */; };
		91B97F5423375805008B940F /* UIColorExtension.swift in Sources */ = {isa = PBXBuildFile; fileRef = 91B97F5323375805008B940F /* UIColorExtension.swift */; };
		91D963FB233666B3003A48AD /* URLExtension.swift in Sources */ = {isa = PBXBuildFile; fileRef = 91D963FA233666B3003A48AD /* URLExtension.swift */; };
		933214776B257E5501F30B83 /* Pods_PetNote.framework in Frameworks */ = {isa = PBXBuildFile; fileRef = 0C36075D08FC74716301080A /* Pods_PetNote.framework */; };
/* End PBXBuildFile section */

/* Begin PBXFileReference section */
		0C36075D08FC74716301080A /* Pods_PetNote.framework */ = {isa = PBXFileReference; explicitFileType = wrapper.framework; includeInIndex = 0; path = Pods_PetNote.framework; sourceTree = BUILT_PRODUCTS_DIR; };
		8B1361EE367C157E8D7CBCD6 /* Pods-PetNote.release.xcconfig */ = {isa = PBXFileReference; includeInIndex = 1; lastKnownFileType = text.xcconfig; name = "Pods-PetNote.release.xcconfig"; path = "Target Support Files/Pods-PetNote/Pods-PetNote.release.xcconfig"; sourceTree = "<group>"; };
		9166EF2B2338AF5F0086C70E /* BaseViewController.swift */ = {isa = PBXFileReference; fileEncoding = 4; lastKnownFileType = sourcecode.swift; path = BaseViewController.swift; sourceTree = "<group>"; };
		9166EF2D2338B0BF0086C70E /* BaseSwitchPetViewController.swift */ = {isa = PBXFileReference; fileEncoding = 4; lastKnownFileType = sourcecode.swift; path = BaseSwitchPetViewController.swift; sourceTree = "<group>"; };
		9166EF2F2338B7D20086C70E /* UIImageExtension.swift */ = {isa = PBXFileReference; fileEncoding = 4; lastKnownFileType = sourcecode.swift; path = UIImageExtension.swift; sourceTree = "<group>"; };
		9166EF312338B7F90086C70E /* UITextFieldExtension.swift */ = {isa = PBXFileReference; fileEncoding = 4; lastKnownFileType = sourcecode.swift; path = UITextFieldExtension.swift; sourceTree = "<group>"; };
		9166EF322338B7F90086C70E /* StringExtension.swift */ = {isa = PBXFileReference; fileEncoding = 4; lastKnownFileType = sourcecode.swift; path = StringExtension.swift; sourceTree = "<group>"; };
		9166EF332338B7F90086C70E /* DateExtension.swift */ = {isa = PBXFileReference; fileEncoding = 4; lastKnownFileType = sourcecode.swift; path = DateExtension.swift; sourceTree = "<group>"; };
		9166EF342338B7F90086C70E /* IntExtension.swift */ = {isa = PBXFileReference; fileEncoding = 4; lastKnownFileType = sourcecode.swift; path = IntExtension.swift; sourceTree = "<group>"; };
		9166EF352338B7FA0086C70E /* UIScreenExtension.swift */ = {isa = PBXFileReference; fileEncoding = 4; lastKnownFileType = sourcecode.swift; path = UIScreenExtension.swift; sourceTree = "<group>"; };
		9166EF3B2338B8900086C70E /* BaseContainerViewController.swift */ = {isa = PBXFileReference; fileEncoding = 4; lastKnownFileType = sourcecode.swift; path = BaseContainerViewController.swift; sourceTree = "<group>"; };
		9166EF4F2338BBDD0086C70E /* PNChartView.swift */ = {isa = PBXFileReference; fileEncoding = 4; lastKnownFileType = sourcecode.swift; path = PNChartView.swift; sourceTree = "<group>"; };
		9166EF522338BC010086C70E /* DescriptionTableViewCell.xib */ = {isa = PBXFileReference; fileEncoding = 4; lastKnownFileType = file.xib; path = DescriptionTableViewCell.xib; sourceTree = "<group>"; };
		9166EF532338BC010086C70E /* DescriptionTableViewCell.swift */ = {isa = PBXFileReference; fileEncoding = 4; lastKnownFileType = sourcecode.swift; path = DescriptionTableViewCell.swift; sourceTree = "<group>"; };
		9166EF542338BC010086C70E /* DateSelectTableViewCell.swift */ = {isa = PBXFileReference; fileEncoding = 4; lastKnownFileType = sourcecode.swift; path = DateSelectTableViewCell.swift; sourceTree = "<group>"; };
		9166EF552338BC010086C70E /* DateSelectTableViewCell.xib */ = {isa = PBXFileReference; fileEncoding = 4; lastKnownFileType = file.xib; path = DateSelectTableViewCell.xib; sourceTree = "<group>"; };
		9166EF832338BDBC0086C70E /* BasicCollectionViewCell.swift */ = {isa = PBXFileReference; fileEncoding = 4; lastKnownFileType = sourcecode.swift; path = BasicCollectionViewCell.swift; sourceTree = "<group>"; };
		9166EF842338BDBC0086C70E /* BasicCollectionViewCell.xib */ = {isa = PBXFileReference; fileEncoding = 4; lastKnownFileType = file.xib; path = BasicCollectionViewCell.xib; sourceTree = "<group>"; };
		9166EF872338BDBC0086C70E /* PetsCollectionViewCell.xib */ = {isa = PBXFileReference; fileEncoding = 4; lastKnownFileType = file.xib; path = PetsCollectionViewCell.xib; sourceTree = "<group>"; };
		9166EF882338BDBC0086C70E /* PetsCollectionViewCell.swift */ = {isa = PBXFileReference; fileEncoding = 4; lastKnownFileType = sourcecode.swift; path = PetsCollectionViewCell.swift; sourceTree = "<group>"; };
		9166EF892338BDBC0086C70E /* SwitchPetView.swift */ = {isa = PBXFileReference; fileEncoding = 4; lastKnownFileType = sourcecode.swift; path = SwitchPetView.swift; sourceTree = "<group>"; };
		9166EF922338BE890086C70E /* TitleWithDateTableViewCell.swift */ = {isa = PBXFileReference; fileEncoding = 4; lastKnownFileType = sourcecode.swift; path = TitleWithDateTableViewCell.swift; sourceTree = "<group>"; };
		9166EF932338BE890086C70E /* TitleWithButtonTableViewCell.xib */ = {isa = PBXFileReference; fileEncoding = 4; lastKnownFileType = file.xib; path = TitleWithButtonTableViewCell.xib; sourceTree = "<group>"; };
		9166EF942338BE890086C70E /* BasicMedicalRecordTableViewCell.swift */ = {isa = PBXFileReference; fileEncoding = 4; lastKnownFileType = sourcecode.swift; path = BasicMedicalRecordTableViewCell.swift; sourceTree = "<group>"; };
		9166EF952338BE890086C70E /* TitleWithDateTableViewCell.xib */ = {isa = PBXFileReference; fileEncoding = 4; lastKnownFileType = file.xib; path = TitleWithDateTableViewCell.xib; sourceTree = "<group>"; };
		9166EF962338BE890086C70E /* TitleWithButtonTableViewCell.swift */ = {isa = PBXFileReference; fileEncoding = 4; lastKnownFileType = sourcecode.swift; path = TitleWithButtonTableViewCell.swift; sourceTree = "<group>"; };
		9166EF972338BE890086C70E /* BasicMedicalRecordTableViewCell.xib */ = {isa = PBXFileReference; fileEncoding = 4; lastKnownFileType = file.xib; path = BasicMedicalRecordTableViewCell.xib; sourceTree = "<group>"; };
		9166EF982338BE890086C70E /* MedicalBasicTableViewCell.xib */ = {isa = PBXFileReference; fileEncoding = 4; lastKnownFileType = file.xib; path = MedicalBasicTableViewCell.xib; sourceTree = "<group>"; };
		9166EF992338BE890086C70E /* MedicalRecordTableViewCell.swift */ = {isa = PBXFileReference; fileEncoding = 4; lastKnownFileType = sourcecode.swift; path = MedicalRecordTableViewCell.swift; sourceTree = "<group>"; };
		9166EF9A2338BE890086C70E /* MedicalBasicTableViewCell.swift */ = {isa = PBXFileReference; fileEncoding = 4; lastKnownFileType = sourcecode.swift; path = MedicalBasicTableViewCell.swift; sourceTree = "<group>"; };
		9166EF9B2338BE890086C70E /* MedicalRecordTableViewCell.xib */ = {isa = PBXFileReference; fileEncoding = 4; lastKnownFileType = file.xib; path = MedicalRecordTableViewCell.xib; sourceTree = "<group>"; };
		9166EFA72338BEE40086C70E /* SettingNotifyTableViewCell.swift */ = {isa = PBXFileReference; fileEncoding = 4; lastKnownFileType = sourcecode.swift; path = SettingNotifyTableViewCell.swift; sourceTree = "<group>"; };
		9166EFA82338BEE40086C70E /* SettingNotifyTableViewCell.xib */ = {isa = PBXFileReference; fileEncoding = 4; lastKnownFileType = file.xib; path = SettingNotifyTableViewCell.xib; sourceTree = "<group>"; };
		9166EFAC2338C05D0086C70E /* ProfileRootView.swift */ = {isa = PBXFileReference; fileEncoding = 4; lastKnownFileType = sourcecode.swift; path = ProfileRootView.swift; sourceTree = "<group>"; };
		9166EFAE2338C05D0086C70E /* ChartTableViewCell.xib */ = {isa = PBXFileReference; fileEncoding = 4; lastKnownFileType = file.xib; path = ChartTableViewCell.xib; sourceTree = "<group>"; };
		9166EFAF2338C05D0086C70E /* WeightLabelTableViewCell.swift */ = {isa = PBXFileReference; fileEncoding = 4; lastKnownFileType = sourcecode.swift; path = WeightLabelTableViewCell.swift; sourceTree = "<group>"; };
		9166EFB02338C05D0086C70E /* WeightLabelTableViewCell.xib */ = {isa = PBXFileReference; fileEncoding = 4; lastKnownFileType = file.xib; path = WeightLabelTableViewCell.xib; sourceTree = "<group>"; };
		9166EFB12338C05D0086C70E /* ChartTableViewCell.swift */ = {isa = PBXFileReference; fileEncoding = 4; lastKnownFileType = sourcecode.swift; path = ChartTableViewCell.swift; sourceTree = "<group>"; };
		9166EFB22338C05D0086C70E /* __WeightLabelTableViewCell.xib */ = {isa = PBXFileReference; fileEncoding = 4; lastKnownFileType = file.xib; path = __WeightLabelTableViewCell.xib; sourceTree = "<group>"; };
		9166EFB42338C05D0086C70E /* ProfileTableViewCell.swift */ = {isa = PBXFileReference; fileEncoding = 4; lastKnownFileType = sourcecode.swift; path = ProfileTableViewCell.swift; sourceTree = "<group>"; };
		9166EFB52338C05D0086C70E /* ProfileTableViewCell.xib */ = {isa = PBXFileReference; fileEncoding = 4; lastKnownFileType = file.xib; path = ProfileTableViewCell.xib; sourceTree = "<group>"; };
		9166EFB72338C05D0086C70E /* WithImageSectionHeaderView.xib */ = {isa = PBXFileReference; fileEncoding = 4; lastKnownFileType = file.xib; path = WithImageSectionHeaderView.xib; sourceTree = "<group>"; };
		9166EFB82338C05D0086C70E /* AddDataTableViewSectionHeaderView.swift */ = {isa = PBXFileReference; fileEncoding = 4; lastKnownFileType = sourcecode.swift; path = AddDataTableViewSectionHeaderView.swift; sourceTree = "<group>"; };
		9166EFB92338C05D0086C70E /* AddDataTableViewSectionHeaderView.xib */ = {isa = PBXFileReference; fileEncoding = 4; lastKnownFileType = file.xib; path = AddDataTableViewSectionHeaderView.xib; sourceTree = "<group>"; };
		9166EFBA2338C05D0086C70E /* WithImageSectionHeaderView.swift */ = {isa = PBXFileReference; fileEncoding = 4; lastKnownFileType = sourcecode.swift; path = WithImageSectionHeaderView.swift; sourceTree = "<group>"; };
		9166EFBB2338C05D0086C70E /* AddPetView.swift */ = {isa = PBXFileReference; fileEncoding = 4; lastKnownFileType = sourcecode.swift; path = AddPetView.swift; sourceTree = "<group>"; };
		9166EFBE2338C05D0086C70E /* AddImageTableViewCell.xib */ = {isa = PBXFileReference; fileEncoding = 4; lastKnownFileType = file.xib; path = AddImageTableViewCell.xib; sourceTree = "<group>"; };
		9166EFC02338C05D0086C70E /* AddImageTableViewCell.swift */ = {isa = PBXFileReference; fileEncoding = 4; lastKnownFileType = sourcecode.swift; path = AddImageTableViewCell.swift; sourceTree = "<group>"; };
		9166EFC22338C05D0086C70E /* ModifyBasicInfoTableViewCell.xib */ = {isa = PBXFileReference; fileEncoding = 4; lastKnownFileType = file.xib; path = ModifyBasicInfoTableViewCell.xib; sourceTree = "<group>"; };
		9166EFC32338C05D0086C70E /* BasicInfoTableViewCell.swift */ = {isa = PBXFileReference; fileEncoding = 4; lastKnownFileType = sourcecode.swift; path = BasicInfoTableViewCell.swift; sourceTree = "<group>"; };
		9166EFC42338C05D0086C70E /* BasicInfoTableViewCell.xib */ = {isa = PBXFileReference; fileEncoding = 4; lastKnownFileType = file.xib; path = BasicInfoTableViewCell.xib; sourceTree = "<group>"; };
		9166EFC52338C05D0086C70E /* ModifyBasicInfoTableViewCell.swift */ = {isa = PBXFileReference; fileEncoding = 4; lastKnownFileType = sourcecode.swift; path = ModifyBasicInfoTableViewCell.swift; sourceTree = "<group>"; };
		9166EFC72338C05D0086C70E /* ProtectTypeTableViewCell.swift */ = {isa = PBXFileReference; fileEncoding = 4; lastKnownFileType = sourcecode.swift; path = ProtectTypeTableViewCell.swift; sourceTree = "<group>"; };
		9166EFC82338C05D0086C70E /* ProtectPlanTableViewCell.swift */ = {isa = PBXFileReference; fileEncoding = 4; lastKnownFileType = sourcecode.swift; path = ProtectPlanTableViewCell.swift; sourceTree = "<group>"; };
		9166EFC92338C05D0086C70E /* ProtectTypeTableViewCell.xib */ = {isa = PBXFileReference; fileEncoding = 4; lastKnownFileType = file.xib; path = ProtectTypeTableViewCell.xib; sourceTree = "<group>"; };
		9166EFCA2338C05D0086C70E /* ProtectPlanTableViewCell.xib */ = {isa = PBXFileReference; fileEncoding = 4; lastKnownFileType = file.xib; path = ProtectPlanTableViewCell.xib; sourceTree = "<group>"; };
		9166EFCC2338C05D0086C70E /* NotifyTableViewCell.swift */ = {isa = PBXFileReference; fileEncoding = 4; lastKnownFileType = sourcecode.swift; path = NotifyTableViewCell.swift; sourceTree = "<group>"; };
		9166EFCD2338C05D0086C70E /* NotifyTableViewCell.xib */ = {isa = PBXFileReference; fileEncoding = 4; lastKnownFileType = file.xib; path = NotifyTableViewCell.xib; sourceTree = "<group>"; };
		9166EFCE2338C05D0086C70E /* ProfileDetailView.swift */ = {isa = PBXFileReference; fileEncoding = 4; lastKnownFileType = sourcecode.swift; path = ProfileDetailView.swift; sourceTree = "<group>"; };
		9166EFCF2338C05D0086C70E /* AddPetView.xib */ = {isa = PBXFileReference; fileEncoding = 4; lastKnownFileType = file.xib; path = AddPetView.xib; sourceTree = "<group>"; };
		9166EFEF2338C19D0086C70E /* ProfileDetailViewController.swift */ = {isa = PBXFileReference; fileEncoding = 4; lastKnownFileType = sourcecode.swift; path = ProfileDetailViewController.swift; sourceTree = "<group>"; };
		9166EFF12338C19D0086C70E /* WeightRecordViewController.swift */ = {isa = PBXFileReference; fileEncoding = 4; lastKnownFileType = sourcecode.swift; path = WeightRecordViewController.swift; sourceTree = "<group>"; };
		9166EFF32338C19D0086C70E /* ModifyBaseInfoViewController.swift */ = {isa = PBXFileReference; fileEncoding = 4; lastKnownFileType = sourcecode.swift; path = ModifyBaseInfoViewController.swift; sourceTree = "<group>"; };
		9166EFF42338C19D0086C70E /* BasicInfoViewController.swift */ = {isa = PBXFileReference; fileEncoding = 4; lastKnownFileType = sourcecode.swift; path = BasicInfoViewController.swift; sourceTree = "<group>"; };
		9166EFF52338C19D0086C70E /* AddPetViewController.swift */ = {isa = PBXFileReference; fileEncoding = 4; lastKnownFileType = sourcecode.swift; path = AddPetViewController.swift; sourceTree = "<group>"; };
		9166EFF62338C19D0086C70E /* DeseasePreventionViewController.swift */ = {isa = PBXFileReference; fileEncoding = 4; lastKnownFileType = sourcecode.swift; path = DeseasePreventionViewController.swift; sourceTree = "<group>"; };
		9166EFF82338C19D0086C70E /* ProtectPlanViewController.swift */ = {isa = PBXFileReference; fileEncoding = 4; lastKnownFileType = sourcecode.swift; path = ProtectPlanViewController.swift; sourceTree = "<group>"; };
		9166EFF92338C19D0086C70E /* AddingProtectPlanViewController.swift */ = {isa = PBXFileReference; fileEncoding = 4; lastKnownFileType = sourcecode.swift; path = AddingProtectPlanViewController.swift; sourceTree = "<group>"; };
		9166EFFA2338C19D0086C70E /* ProfileViewController.swift */ = {isa = PBXFileReference; fileEncoding = 4; lastKnownFileType = sourcecode.swift; path = ProfileViewController.swift; sourceTree = "<group>"; };
		9166EFFB2338C19D0086C70E /* HealthRecordViewController.swift */ = {isa = PBXFileReference; fileEncoding = 4; lastKnownFileType = sourcecode.swift; path = HealthRecordViewController.swift; sourceTree = "<group>"; };
		9166F0082338C1C80086C70E /* RecordViewController.swift */ = {isa = PBXFileReference; fileEncoding = 4; lastKnownFileType = sourcecode.swift; path = RecordViewController.swift; sourceTree = "<group>"; };
		9166F0092338C1C80086C70E /* AddRecordViewController.swift */ = {isa = PBXFileReference; fileEncoding = 4; lastKnownFileType = sourcecode.swift; path = AddRecordViewController.swift; sourceTree = "<group>"; };
		9166F00D2338C1EE0086C70E /* SettingNotifyViewController.swift */ = {isa = PBXFileReference; fileEncoding = 4; lastKnownFileType = sourcecode.swift; path = SettingNotifyViewController.swift; sourceTree = "<group>"; };
		9166F00F2338C1EE0086C70E /* AddMedicalRecordViewController.swift */ = {isa = PBXFileReference; fileEncoding = 4; lastKnownFileType = sourcecode.swift; path = AddMedicalRecordViewController.swift; sourceTree = "<group>"; };
		9166F0102338C1EE0086C70E /* MedicalViewController.swift */ = {isa = PBXFileReference; fileEncoding = 4; lastKnownFileType = sourcecode.swift; path = MedicalViewController.swift; sourceTree = "<group>"; };
		9166F0112338C1EE0086C70E /* AddMedicalViewController.swift */ = {isa = PBXFileReference; fileEncoding = 4; lastKnownFileType = sourcecode.swift; path = AddMedicalViewController.swift; sourceTree = "<group>"; };
		9166F0132338C1EE0086C70E /* OtherFunctionViewController.swift */ = {isa = PBXFileReference; fileEncoding = 4; lastKnownFileType = sourcecode.swift; path = OtherFunctionViewController.swift; sourceTree = "<group>"; };
		9166F0142338C1EE0086C70E /* SearchHospitalViewController.swift */ = {isa = PBXFileReference; fileEncoding = 4; lastKnownFileType = sourcecode.swift; path = SearchHospitalViewController.swift; sourceTree = "<group>"; };
		9166F0152338C1EE0086C70E /* NotificationManageViewController.swift */ = {isa = PBXFileReference; fileEncoding = 4; lastKnownFileType = sourcecode.swift; path = NotificationManageViewController.swift; sourceTree = "<group>"; };
		9166F0162338C1EE0086C70E /* NotificatonViewController.swift */ = {isa = PBXFileReference; fileEncoding = 4; lastKnownFileType = sourcecode.swift; path = NotificatonViewController.swift; sourceTree = "<group>"; };
		9166F0172338C1EE0086C70E /* SearchHospitalResultViewController.swift */ = {isa = PBXFileReference; fileEncoding = 4; lastKnownFileType = sourcecode.swift; path = SearchHospitalResultViewController.swift; sourceTree = "<group>"; };
		9166F0222338C2AA0086C70E /* LocalFileManager.swift */ = {isa = PBXFileReference; fileEncoding = 4; lastKnownFileType = sourcecode.swift; path = LocalFileManager.swift; sourceTree = "<group>"; };
		9166F0242338C2AA0086C70E /* HospitalAPIManager.swift */ = {isa = PBXFileReference; fileEncoding = 4; lastKnownFileType = sourcecode.swift; path = HospitalAPIManager.swift; sourceTree = "<group>"; };
		9166F0252338C2AA0086C70E /* Hospital.swift */ = {isa = PBXFileReference; fileEncoding = 4; lastKnownFileType = sourcecode.swift; path = Hospital.swift; sourceTree = "<group>"; };
		9166F0262338C2AA0086C70E /* HospitalRequest.swift */ = {isa = PBXFileReference; fileEncoding = 4; lastKnownFileType = sourcecode.swift; path = HospitalRequest.swift; sourceTree = "<group>"; };
		9166F0282338C2AA0086C70E /* ProtectPlan.swift */ = {isa = PBXFileReference; fileEncoding = 4; lastKnownFileType = sourcecode.swift; path = ProtectPlan.swift; sourceTree = "<group>"; };
		9166F0292338C2AA0086C70E /* Pet.swift */ = {isa = PBXFileReference; fileEncoding = 4; lastKnownFileType = sourcecode.swift; path = Pet.swift; sourceTree = "<group>"; };
		9166F02B2338C2AA0086C70E /* HTTPClient.swift */ = {isa = PBXFileReference; fileEncoding = 4; lastKnownFileType = sourcecode.swift; path = HTTPClient.swift; sourceTree = "<group>"; };
		9166F02D2338C2AA0086C70E /* MedicalRecord.swift */ = {isa = PBXFileReference; fileEncoding = 4; lastKnownFileType = sourcecode.swift; path = MedicalRecord.swift; sourceTree = "<group>"; };
		9166F0302338C2AA0086C70E /* PetNote.xcdatamodel */ = {isa = PBXFileReference; lastKnownFileType = wrapper.xcdatamodel; path = PetNote.xcdatamodel; sourceTree = "<group>"; };
		9166F0312338C2AA0086C70E /* PNPetInfoExtension.swift */ = {isa = PBXFileReference; fileEncoding = 4; lastKnownFileType = sourcecode.swift; path = PNPetInfoExtension.swift; sourceTree = "<group>"; };
		9166F0322338C2AA0086C70E /* StorageManager.swift */ = {isa = PBXFileReference; fileEncoding = 4; lastKnownFileType = sourcecode.swift; path = StorageManager.swift; sourceTree = "<group>"; };
		9166F03E2338CAFB0086C70E /* Notify.storyboard */ = {isa = PBXFileReference; fileEncoding = 4; lastKnownFileType = file.storyboard; path = Notify.storyboard; sourceTree = "<group>"; };
		9166F0412338CBD10086C70E /* SearchHospitalView.swift */ = {isa = PBXFileReference; fileEncoding = 4; lastKnownFileType = sourcecode.swift; path = SearchHospitalView.swift; sourceTree = "<group>"; };
		9166F0422338CBD10086C70E /* HospitalDataTableViewCell.swift */ = {isa = PBXFileReference; fileEncoding = 4; lastKnownFileType = sourcecode.swift; path = HospitalDataTableViewCell.swift; sourceTree = "<group>"; };
		9166F0432338CBD10086C70E /* HospitalDataTableViewCell.xib */ = {isa = PBXFileReference; fileEncoding = 4; lastKnownFileType = file.xib; path = HospitalDataTableViewCell.xib; sourceTree = "<group>"; };
		9181BC2323177E1C007BB7C6 /* PetNote.app */ = {isa = PBXFileReference; explicitFileType = wrapper.application; includeInIndex = 0; path = PetNote.app; sourceTree = BUILT_PRODUCTS_DIR; };
		9181BC2623177E1C007BB7C6 /* AppDelegate.swift */ = {isa = PBXFileReference; lastKnownFileType = sourcecode.swift; path = AppDelegate.swift; sourceTree = "<group>"; };
		9181BC2823177E1C007BB7C6 /* TabBarViewController.swift */ = {isa = PBXFileReference; lastKnownFileType = sourcecode.swift; path = TabBarViewController.swift; sourceTree = "<group>"; };
		9181BC2B23177E1C007BB7C6 /* Base */ = {isa = PBXFileReference; lastKnownFileType = file.storyboard; name = Base; path = Base.lproj/Main.storyboard; sourceTree = "<group>"; };
		9181BC3023177E1D007BB7C6 /* Assets.xcassets */ = {isa = PBXFileReference; lastKnownFileType = folder.assetcatalog; path = Assets.xcassets; sourceTree = "<group>"; };
		9181BC3323177E1D007BB7C6 /* Base */ = {isa = PBXFileReference; lastKnownFileType = file.storyboard; name = Base; path = Base.lproj/LaunchScreen.storyboard; sourceTree = "<group>"; };
		9181BC3523177E1D007BB7C6 /* Info.plist */ = {isa = PBXFileReference; lastKnownFileType = text.plist.xml; path = Info.plist; sourceTree = "<group>"; };
		9181BC3F2317A02F007BB7C6 /* Profile.storyboard */ = {isa = PBXFileReference; lastKnownFileType = file.storyboard; path = Profile.storyboard; sourceTree = "<group>"; };
		9181BC412317A03D007BB7C6 /* Record.storyboard */ = {isa = PBXFileReference; lastKnownFileType = file.storyboard; path = Record.storyboard; sourceTree = "<group>"; };
		9181BC432317A050007BB7C6 /* Medical.storyboard */ = {isa = PBXFileReference; lastKnownFileType = file.storyboard; path = Medical.storyboard; sourceTree = "<group>"; };
		9181BC452317A067007BB7C6 /* Other.storyboard */ = {isa = PBXFileReference; lastKnownFileType = file.storyboard; path = Other.storyboard; sourceTree = "<group>"; };
		9181BC482317AA3F007BB7C6 /* UIStoryboardExtension.swift */ = {isa = PBXFileReference; lastKnownFileType = sourcecode.swift; path = UIStoryboardExtension.swift; sourceTree = "<group>"; };
		9181BC562317C8C2007BB7C6 /* UITableViewExtension.swift */ = {isa = PBXFileReference; lastKnownFileType = sourcecode.swift; path = UITableViewExtension.swift; sourceTree = "<group>"; };
		9181BC582317CC4B007BB7C6 /* UIViewExtension.swift */ = {isa = PBXFileReference; lastKnownFileType = sourcecode.swift; path = UIViewExtension.swift; sourceTree = "<group>"; };
		9181BC5C2317DE27007BB7C6 /* SelectionView.swift */ = {isa = PBXFileReference; lastKnownFileType = sourcecode.swift; path = SelectionView.swift; sourceTree = "<group>"; };
		9181BC622318ED07007BB7C6 /* BaseNavigationController.swift */ = {isa = PBXFileReference; lastKnownFileType = sourcecode.swift; path = BaseNavigationController.swift; sourceTree = "<group>"; };
		9181BC662319119C007BB7C6 /* UICollectionViewExtension.swift */ = {isa = PBXFileReference; lastKnownFileType = sourcecode.swift; path = UICollectionViewExtension.swift; sourceTree = "<group>"; };
		91B97F5323375805008B940F /* UIColorExtension.swift */ = {isa = PBXFileReference; lastKnownFileType = sourcecode.swift; path = UIColorExtension.swift; sourceTree = "<group>"; };
		91D963FA233666B3003A48AD /* URLExtension.swift */ = {isa = PBXFileReference; lastKnownFileType = sourcecode.swift; path = URLExtension.swift; sourceTree = "<group>"; };
		C1B26700EEE001AE14DFC34D /* Pods-PetNote.debug.xcconfig */ = {isa = PBXFileReference; includeInIndex = 1; lastKnownFileType = text.xcconfig; name = "Pods-PetNote.debug.xcconfig"; path = "Target Support Files/Pods-PetNote/Pods-PetNote.debug.xcconfig"; sourceTree = "<group>"; };
/* End PBXFileReference section */

/* Begin PBXFrameworksBuildPhase section */
		9181BC2023177E1C007BB7C6 /* Frameworks */ = {
			isa = PBXFrameworksBuildPhase;
			buildActionMask = 2147483647;
			files = (
				933214776B257E5501F30B83 /* Pods_PetNote.framework in Frameworks */,
			);
			runOnlyForDeploymentPostprocessing = 0;
		};
/* End PBXFrameworksBuildPhase section */

/* Begin PBXGroup section */
		74F357F624683D799F10E0EA /* Pods */ = {
			isa = PBXGroup;
			children = (
				C1B26700EEE001AE14DFC34D /* Pods-PetNote.debug.xcconfig */,
				8B1361EE367C157E8D7CBCD6 /* Pods-PetNote.release.xcconfig */,
			);
			path = Pods;
			sourceTree = "<group>";
		};
		9166EF512338BC010086C70E /* Record */ = {
			isa = PBXGroup;
			children = (
				9166EF522338BC010086C70E /* DescriptionTableViewCell.xib */,
				9166EF532338BC010086C70E /* DescriptionTableViewCell.swift */,
				9166EF542338BC010086C70E /* DateSelectTableViewCell.swift */,
				9166EF552338BC010086C70E /* DateSelectTableViewCell.xib */,
			);
			path = Record;
			sourceTree = "<group>";
		};
		9166EF5A2338BC360086C70E /* Basic */ = {
			isa = PBXGroup;
			children = (
				9166EF822338BDBC0086C70E /* BasicCollectionView */,
				9166EF852338BDBC0086C70E /* PetSwitch */,
			);
			name = Basic;
			sourceTree = "<group>";
		};
		9166EF822338BDBC0086C70E /* BasicCollectionView */ = {
			isa = PBXGroup;
			children = (
				9166EF832338BDBC0086C70E /* BasicCollectionViewCell.swift */,
				9166EF842338BDBC0086C70E /* BasicCollectionViewCell.xib */,
			);
			name = BasicCollectionView;
			path = Basic/BasicCollectionView;
			sourceTree = "<group>";
		};
		9166EF852338BDBC0086C70E /* PetSwitch */ = {
			isa = PBXGroup;
			children = (
				9166EF862338BDBC0086C70E /* PetsSwitchCollectionViewCell */,
				9166EF892338BDBC0086C70E /* SwitchPetView.swift */,
			);
			name = PetSwitch;
			path = Basic/PetSwitch;
			sourceTree = "<group>";
		};
		9166EF862338BDBC0086C70E /* PetsSwitchCollectionViewCell */ = {
			isa = PBXGroup;
			children = (
				9166EF872338BDBC0086C70E /* PetsCollectionViewCell.xib */,
				9166EF882338BDBC0086C70E /* PetsCollectionViewCell.swift */,
			);
			path = PetsSwitchCollectionViewCell;
			sourceTree = "<group>";
		};
		9166EF902338BE890086C70E /* Medical */ = {
			isa = PBXGroup;
			children = (
				9166EF912338BE890086C70E /* AddRecord */,
				9166EF982338BE890086C70E /* MedicalBasicTableViewCell.xib */,
				9166EF992338BE890086C70E /* MedicalRecordTableViewCell.swift */,
				9166EF9A2338BE890086C70E /* MedicalBasicTableViewCell.swift */,
				9166EF9B2338BE890086C70E /* MedicalRecordTableViewCell.xib */,
			);
			path = Medical;
			sourceTree = "<group>";
		};
		9166EF912338BE890086C70E /* AddRecord */ = {
			isa = PBXGroup;
			children = (
				9166EF922338BE890086C70E /* TitleWithDateTableViewCell.swift */,
				9166EF932338BE890086C70E /* TitleWithButtonTableViewCell.xib */,
				9166EF942338BE890086C70E /* BasicMedicalRecordTableViewCell.swift */,
				9166EF952338BE890086C70E /* TitleWithDateTableViewCell.xib */,
				9166EF962338BE890086C70E /* TitleWithButtonTableViewCell.swift */,
				9166EF972338BE890086C70E /* BasicMedicalRecordTableViewCell.xib */,
			);
			path = AddRecord;
			sourceTree = "<group>";
		};
		9166EFA62338BEE40086C70E /* Notify */ = {
			isa = PBXGroup;
			children = (
				9166EFA72338BEE40086C70E /* SettingNotifyTableViewCell.swift */,
				9166EFA82338BEE40086C70E /* SettingNotifyTableViewCell.xib */,
			);
			path = Notify;
			sourceTree = "<group>";
		};
		9166EFAB2338C05D0086C70E /* Profile */ = {
			isa = PBXGroup;
			children = (
				9166EFAC2338C05D0086C70E /* ProfileRootView.swift */,
				9166EFAD2338C05D0086C70E /* WeightRecordTabelViewCell */,
				9166EFB32338C05D0086C70E /* ProfileRootViewTableViewCell */,
				9166EFB62338C05D0086C70E /* SectionHeaderView */,
				9166EFBB2338C05D0086C70E /* AddPetView.swift */,
				9166EFBC2338C05D0086C70E /* BasicInfoTableViewCell */,
				9166EFC62338C05D0086C70E /* ProtectTypeTableViewCell */,
				9166EFCB2338C05D0086C70E /* NotifyTableViewCell */,
				9166EFCE2338C05D0086C70E /* ProfileDetailView.swift */,
				9166EFCF2338C05D0086C70E /* AddPetView.xib */,
			);
			path = Profile;
			sourceTree = "<group>";
		};
		9166EFAD2338C05D0086C70E /* WeightRecordTabelViewCell */ = {
			isa = PBXGroup;
			children = (
				9166EFAE2338C05D0086C70E /* ChartTableViewCell.xib */,
				9166EFAF2338C05D0086C70E /* WeightLabelTableViewCell.swift */,
				9166EFB02338C05D0086C70E /* WeightLabelTableViewCell.xib */,
				9166EFB12338C05D0086C70E /* ChartTableViewCell.swift */,
				9166EFB22338C05D0086C70E /* __WeightLabelTableViewCell.xib */,
			);
			path = WeightRecordTabelViewCell;
			sourceTree = "<group>";
		};
		9166EFB32338C05D0086C70E /* ProfileRootViewTableViewCell */ = {
			isa = PBXGroup;
			children = (
				9166EFB42338C05D0086C70E /* ProfileTableViewCell.swift */,
				9166EFB52338C05D0086C70E /* ProfileTableViewCell.xib */,
			);
			path = ProfileRootViewTableViewCell;
			sourceTree = "<group>";
		};
		9166EFB62338C05D0086C70E /* SectionHeaderView */ = {
			isa = PBXGroup;
			children = (
				9166EFB72338C05D0086C70E /* WithImageSectionHeaderView.xib */,
				9166EFB82338C05D0086C70E /* AddDataTableViewSectionHeaderView.swift */,
				9166EFB92338C05D0086C70E /* AddDataTableViewSectionHeaderView.xib */,
				9166EFBA2338C05D0086C70E /* WithImageSectionHeaderView.swift */,
			);
			path = SectionHeaderView;
			sourceTree = "<group>";
		};
		9166EFBC2338C05D0086C70E /* BasicInfoTableViewCell */ = {
			isa = PBXGroup;
			children = (
				9166EFBE2338C05D0086C70E /* AddImageTableViewCell.xib */,
				9166EFC02338C05D0086C70E /* AddImageTableViewCell.swift */,
				9166EFC22338C05D0086C70E /* ModifyBasicInfoTableViewCell.xib */,
				9166EFC32338C05D0086C70E /* BasicInfoTableViewCell.swift */,
				9166EFC42338C05D0086C70E /* BasicInfoTableViewCell.xib */,
				9166EFC52338C05D0086C70E /* ModifyBasicInfoTableViewCell.swift */,
			);
			path = BasicInfoTableViewCell;
			sourceTree = "<group>";
		};
		9166EFC62338C05D0086C70E /* ProtectTypeTableViewCell */ = {
			isa = PBXGroup;
			children = (
				9166EFC72338C05D0086C70E /* ProtectTypeTableViewCell.swift */,
				9166EFC82338C05D0086C70E /* ProtectPlanTableViewCell.swift */,
				9166EFC92338C05D0086C70E /* ProtectTypeTableViewCell.xib */,
				9166EFCA2338C05D0086C70E /* ProtectPlanTableViewCell.xib */,
			);
			path = ProtectTypeTableViewCell;
			sourceTree = "<group>";
		};
		9166EFCB2338C05D0086C70E /* NotifyTableViewCell */ = {
			isa = PBXGroup;
			children = (
				9166EFCC2338C05D0086C70E /* NotifyTableViewCell.swift */,
				9166EFCD2338C05D0086C70E /* NotifyTableViewCell.xib */,
			);
			path = NotifyTableViewCell;
			sourceTree = "<group>";
		};
		9166EFEE2338C19D0086C70E /* Profile */ = {
			isa = PBXGroup;
			children = (
				9166EFEF2338C19D0086C70E /* ProfileDetailViewController.swift */,
				9166EFF12338C19D0086C70E /* WeightRecordViewController.swift */,
				9166EFF22338C19D0086C70E /* BasicInfo */,
				9166EFF52338C19D0086C70E /* AddPetViewController.swift */,
				9166EFF62338C19D0086C70E /* DeseasePreventionViewController.swift */,
				9166EFF72338C19D0086C70E /* ProtectPlan */,
				9166EFFA2338C19D0086C70E /* ProfileViewController.swift */,
				9166EFFB2338C19D0086C70E /* HealthRecordViewController.swift */,
			);
			path = Profile;
			sourceTree = "<group>";
		};
		9166EFF22338C19D0086C70E /* BasicInfo */ = {
			isa = PBXGroup;
			children = (
				9166EFF32338C19D0086C70E /* ModifyBaseInfoViewController.swift */,
				9166EFF42338C19D0086C70E /* BasicInfoViewController.swift */,
			);
			path = BasicInfo;
			sourceTree = "<group>";
		};
		9166EFF72338C19D0086C70E /* ProtectPlan */ = {
			isa = PBXGroup;
			children = (
				9166EFF82338C19D0086C70E /* ProtectPlanViewController.swift */,
				9166EFF92338C19D0086C70E /* AddingProtectPlanViewController.swift */,
			);
			path = ProtectPlan;
			sourceTree = "<group>";
		};
		9166F0072338C1C80086C70E /* Record */ = {
			isa = PBXGroup;
			children = (
				9166F0082338C1C80086C70E /* RecordViewController.swift */,
				9166F0092338C1C80086C70E /* AddRecordViewController.swift */,
			);
			path = Record;
			sourceTree = "<group>";
		};
		9166F00C2338C1EE0086C70E /* Notify */ = {
			isa = PBXGroup;
			children = (
				9166F00D2338C1EE0086C70E /* SettingNotifyViewController.swift */,
			);
			path = Notify;
			sourceTree = "<group>";
		};
		9166F00E2338C1EE0086C70E /* Medical */ = {
			isa = PBXGroup;
			children = (
				9166F00F2338C1EE0086C70E /* AddMedicalRecordViewController.swift */,
				9166F0102338C1EE0086C70E /* MedicalViewController.swift */,
				9166F0112338C1EE0086C70E /* AddMedicalViewController.swift */,
			);
			path = Medical;
			sourceTree = "<group>";
		};
		9166F0122338C1EE0086C70E /* Other */ = {
			isa = PBXGroup;
			children = (
				9166F0132338C1EE0086C70E /* OtherFunctionViewController.swift */,
				9166F0142338C1EE0086C70E /* SearchHospitalViewController.swift */,
				9166F0152338C1EE0086C70E /* NotificationManageViewController.swift */,
				9166F0162338C1EE0086C70E /* NotificatonViewController.swift */,
				9166F0172338C1EE0086C70E /* SearchHospitalResultViewController.swift */,
			);
			path = Other;
			sourceTree = "<group>";
		};
		9166F0212338C2AA0086C70E /* Model */ = {
			isa = PBXGroup;
			children = (
				9166F0222338C2AA0086C70E /* LocalFileManager.swift */,
				9166F0232338C2AA0086C70E /* HospitalProvider */,
				9166F0272338C2AA0086C70E /* Profile */,
				9166F02A2338C2AA0086C70E /* HTTP */,
				9166F02C2338C2AA0086C70E /* Medical */,
				9166F02E2338C2AA0086C70E /* LocalStorage */,
			);
			path = Model;
			sourceTree = "<group>";
		};
		9166F0232338C2AA0086C70E /* HospitalProvider */ = {
			isa = PBXGroup;
			children = (
				9166F0242338C2AA0086C70E /* HospitalAPIManager.swift */,
				9166F0252338C2AA0086C70E /* Hospital.swift */,
				9166F0262338C2AA0086C70E /* HospitalRequest.swift */,
			);
			path = HospitalProvider;
			sourceTree = "<group>";
		};
		9166F0272338C2AA0086C70E /* Profile */ = {
			isa = PBXGroup;
			children = (
				9166F0282338C2AA0086C70E /* ProtectPlan.swift */,
				9166F0292338C2AA0086C70E /* Pet.swift */,
			);
			path = Profile;
			sourceTree = "<group>";
		};
		9166F02A2338C2AA0086C70E /* HTTP */ = {
			isa = PBXGroup;
			children = (
				9166F02B2338C2AA0086C70E /* HTTPClient.swift */,
			);
			path = HTTP;
			sourceTree = "<group>";
		};
		9166F02C2338C2AA0086C70E /* Medical */ = {
			isa = PBXGroup;
			children = (
				9166F02D2338C2AA0086C70E /* MedicalRecord.swift */,
			);
			path = Medical;
			sourceTree = "<group>";
		};
		9166F02E2338C2AA0086C70E /* LocalStorage */ = {
			isa = PBXGroup;
			children = (
				9166F02F2338C2AA0086C70E /* PetNote.xcdatamodeld */,
				9166F0312338C2AA0086C70E /* PNPetInfoExtension.swift */,
				9166F0322338C2AA0086C70E /* StorageManager.swift */,
			);
			path = LocalStorage;
			sourceTree = "<group>";
		};
		9166F0402338CBD10086C70E /* Other */ = {
			isa = PBXGroup;
			children = (
				9166F0412338CBD10086C70E /* SearchHospitalView.swift */,
				9166F0422338CBD10086C70E /* HospitalDataTableViewCell.swift */,
				9166F0432338CBD10086C70E /* HospitalDataTableViewCell.xib */,
			);
			path = Other;
			sourceTree = "<group>";
		};
		9181BC1A23177E1C007BB7C6 = {
			isa = PBXGroup;
			children = (
				9181BC2523177E1C007BB7C6 /* PetNote */,
				9181BC2423177E1C007BB7C6 /* Products */,
				74F357F624683D799F10E0EA /* Pods */,
				AC18D7B45FD28547649DADAA /* Frameworks */,
			);
			sourceTree = "<group>";
		};
		9181BC2423177E1C007BB7C6 /* Products */ = {
			isa = PBXGroup;
			children = (
				9181BC2323177E1C007BB7C6 /* PetNote.app */,
			);
			name = Products;
			sourceTree = "<group>";
		};
		9181BC2523177E1C007BB7C6 /* PetNote */ = {
			isa = PBXGroup;
			children = (
				9166F0212338C2AA0086C70E /* Model */,
				9181BC472317AA0A007BB7C6 /* Extension */,
				9181BC3B23179FB1007BB7C6 /* Controller */,
				9181BC3D23179FC9007BB7C6 /* View */,
				9181BC3E23179FF1007BB7C6 /* Resource */,
				9181BC2623177E1C007BB7C6 /* AppDelegate.swift */,
				9181BC3523177E1D007BB7C6 /* Info.plist */,
			);
			path = PetNote;
			sourceTree = "<group>";
		};
		9181BC3B23179FB1007BB7C6 /* Controller */ = {
			isa = PBXGroup;
			children = (
				9166F00E2338C1EE0086C70E /* Medical */,
				9166F00C2338C1EE0086C70E /* Notify */,
				9166F0122338C1EE0086C70E /* Other */,
				9166F0072338C1C80086C70E /* Record */,
				9166EFEE2338C19D0086C70E /* Profile */,
				9181BC3C23179FBF007BB7C6 /* Base */,
			);
			path = Controller;
			sourceTree = "<group>";
		};
		9181BC3C23179FBF007BB7C6 /* Base */ = {
			isa = PBXGroup;
			children = (
				9181BC2823177E1C007BB7C6 /* TabBarViewController.swift */,
				9166EF2D2338B0BF0086C70E /* BaseSwitchPetViewController.swift */,
				9166EF3B2338B8900086C70E /* BaseContainerViewController.swift */,
				9166EF2B2338AF5F0086C70E /* BaseViewController.swift */,
				9181BC622318ED07007BB7C6 /* BaseNavigationController.swift */,
			);
			path = Base;
			sourceTree = "<group>";
		};
		9181BC3D23179FC9007BB7C6 /* View */ = {
			isa = PBXGroup;
			children = (
				9166F0402338CBD10086C70E /* Other */,
				9166EFAB2338C05D0086C70E /* Profile */,
				9166EFA62338BEE40086C70E /* Notify */,
				9166EF902338BE890086C70E /* Medical */,
				9166EF5A2338BC360086C70E /* Basic */,
				9181BC5B2317DE0A007BB7C6 /* UI */,
				9166EF512338BC010086C70E /* Record */,
				9181BC2A23177E1C007BB7C6 /* Main.storyboard */,
				9166F03E2338CAFB0086C70E /* Notify.storyboard */,
				9181BC3F2317A02F007BB7C6 /* Profile.storyboard */,
				9181BC412317A03D007BB7C6 /* Record.storyboard */,
				9181BC432317A050007BB7C6 /* Medical.storyboard */,
				9181BC452317A067007BB7C6 /* Other.storyboard */,
				9181BC3223177E1D007BB7C6 /* LaunchScreen.storyboard */,
			);
			path = View;
			sourceTree = "<group>";
		};
		9181BC3E23179FF1007BB7C6 /* Resource */ = {
			isa = PBXGroup;
			children = (
				9181BC3023177E1D007BB7C6 /* Assets.xcassets */,
			);
			path = Resource;
			sourceTree = "<group>";
		};
		9181BC472317AA0A007BB7C6 /* Extension */ = {
			isa = PBXGroup;
			children = (
				9181BC482317AA3F007BB7C6 /* UIStoryboardExtension.swift */,
				9181BC562317C8C2007BB7C6 /* UITableViewExtension.swift */,
				9166EF332338B7F90086C70E /* DateExtension.swift */,
				9166EF342338B7F90086C70E /* IntExtension.swift */,
				9166EF322338B7F90086C70E /* StringExtension.swift */,
				9166EF352338B7FA0086C70E /* UIScreenExtension.swift */,
				9166EF312338B7F90086C70E /* UITextFieldExtension.swift */,
				9181BC582317CC4B007BB7C6 /* UIViewExtension.swift */,
				9181BC662319119C007BB7C6 /* UICollectionViewExtension.swift */,
				9166EF2F2338B7D20086C70E /* UIImageExtension.swift */,
				91D963FA233666B3003A48AD /* URLExtension.swift */,
				91B97F5323375805008B940F /* UIColorExtension.swift */,
			);
			path = Extension;
			sourceTree = "<group>";
		};
		9181BC5B2317DE0A007BB7C6 /* UI */ = {
			isa = PBXGroup;
			children = (
				9166EF4F2338BBDD0086C70E /* PNChartView.swift */,
				9181BC5C2317DE27007BB7C6 /* SelectionView.swift */,
			);
			path = UI;
			sourceTree = "<group>";
		};
		AC18D7B45FD28547649DADAA /* Frameworks */ = {
			isa = PBXGroup;
			children = (
				0C36075D08FC74716301080A /* Pods_PetNote.framework */,
			);
			name = Frameworks;
			sourceTree = "<group>";
		};
/* End PBXGroup section */

/* Begin PBXNativeTarget section */
		9181BC2223177E1C007BB7C6 /* PetNote */ = {
			isa = PBXNativeTarget;
			buildConfigurationList = 9181BC3823177E1D007BB7C6 /* Build configuration list for PBXNativeTarget "PetNote" */;
			buildPhases = (
				FFBBF07A8933F3F299AD3267 /* [CP] Check Pods Manifest.lock */,
				9181BC1F23177E1C007BB7C6 /* Sources */,
				9181BC2023177E1C007BB7C6 /* Frameworks */,
				9181BC2123177E1C007BB7C6 /* Resources */,
				DDF1F1DDFC6F4BF17240BFCE /* [CP] Embed Pods Frameworks */,
				9181BC5A2317CDC5007BB7C6 /* ShellScript */,
			);
			buildRules = (
			);
			dependencies = (
			);
			name = PetNote;
			productName = PetNote;
			productReference = 9181BC2323177E1C007BB7C6 /* PetNote.app */;
			productType = "com.apple.product-type.application";
		};
/* End PBXNativeTarget section */

/* Begin PBXProject section */
		9181BC1B23177E1C007BB7C6 /* Project object */ = {
			isa = PBXProject;
			attributes = {
				LastSwiftUpdateCheck = 1020;
				LastUpgradeCheck = 1020;
				ORGANIZATIONNAME = ichingchen;
				TargetAttributes = {
					9181BC2223177E1C007BB7C6 = {
						CreatedOnToolsVersion = 10.2.1;
					};
				};
			};
			buildConfigurationList = 9181BC1E23177E1C007BB7C6 /* Build configuration list for PBXProject "PetNote" */;
			compatibilityVersion = "Xcode 9.3";
			developmentRegion = en;
			hasScannedForEncodings = 0;
			knownRegions = (
				en,
				Base,
			);
			mainGroup = 9181BC1A23177E1C007BB7C6;
			productRefGroup = 9181BC2423177E1C007BB7C6 /* Products */;
			projectDirPath = "";
			projectRoot = "";
			targets = (
				9181BC2223177E1C007BB7C6 /* PetNote */,
			);
		};
/* End PBXProject section */

/* Begin PBXResourcesBuildPhase section */
		9181BC2123177E1C007BB7C6 /* Resources */ = {
			isa = PBXResourcesBuildPhase;
			buildActionMask = 2147483647;
			files = (
				9166EF592338BC010086C70E /* DateSelectTableViewCell.xib in Resources */,
				9181BC3423177E1D007BB7C6 /* LaunchScreen.storyboard in Resources */,
				9181BC3123177E1D007BB7C6 /* Assets.xcassets in Resources */,
				9166EFEB2338C05D0086C70E /* NotifyTableViewCell.xib in Resources */,
				9181BC442317A050007BB7C6 /* Medical.storyboard in Resources */,
				9166EFA22338BE890086C70E /* MedicalBasicTableViewCell.xib in Resources */,
				9166EF8B2338BDBD0086C70E /* BasicCollectionViewCell.xib in Resources */,
				9166EFE82338C05D0086C70E /* ProtectTypeTableViewCell.xib in Resources */,
				9166EFED2338C05D0086C70E /* AddPetView.xib in Resources */,
				9166EFD52338C05D0086C70E /* __WeightLabelTableViewCell.xib in Resources */,
				9181BC402317A02F007BB7C6 /* Profile.storyboard in Resources */,
				9166EFDA2338C05D0086C70E /* AddDataTableViewSectionHeaderView.xib in Resources */,
				9181BC462317A067007BB7C6 /* Other.storyboard in Resources */,
				9166EFA12338BE890086C70E /* BasicMedicalRecordTableViewCell.xib in Resources */,
				9166EFD12338C05D0086C70E /* ChartTableViewCell.xib in Resources */,
				9166EF9F2338BE890086C70E /* TitleWithDateTableViewCell.xib in Resources */,
				9166EFE92338C05D0086C70E /* ProtectPlanTableViewCell.xib in Resources */,
				9181BC2C23177E1C007BB7C6 /* Main.storyboard in Resources */,
				9166EFD32338C05D0086C70E /* WeightLabelTableViewCell.xib in Resources */,
				9166EF562338BC010086C70E /* DescriptionTableViewCell.xib in Resources */,
				9166EFD82338C05D0086C70E /* WithImageSectionHeaderView.xib in Resources */,
				9166EFE22338C05D0086C70E /* ModifyBasicInfoTableViewCell.xib in Resources */,
				9166EFD72338C05D0086C70E /* ProfileTableViewCell.xib in Resources */,
				9166EF8C2338BDBD0086C70E /* PetsCollectionViewCell.xib in Resources */,
				9166EFA52338BE890086C70E /* MedicalRecordTableViewCell.xib in Resources */,
				9166F03F2338CAFB0086C70E /* Notify.storyboard in Resources */,
				9166EFAA2338BEE40086C70E /* SettingNotifyTableViewCell.xib in Resources */,
				9166EFE42338C05D0086C70E /* BasicInfoTableViewCell.xib in Resources */,
				9166EF9D2338BE890086C70E /* TitleWithButtonTableViewCell.xib in Resources */,
				9166F0462338CBD10086C70E /* HospitalDataTableViewCell.xib in Resources */,
				9181BC422317A03D007BB7C6 /* Record.storyboard in Resources */,
				9166EFDE2338C05D0086C70E /* AddImageTableViewCell.xib in Resources */,
			);
			runOnlyForDeploymentPostprocessing = 0;
		};
/* End PBXResourcesBuildPhase section */

/* Begin PBXShellScriptBuildPhase section */
		9181BC5A2317CDC5007BB7C6 /* ShellScript */ = {
			isa = PBXShellScriptBuildPhase;
			buildActionMask = 2147483647;
			files = (
			);
			inputFileListPaths = (
			);
			inputPaths = (
			);
			outputFileListPaths = (
			);
			outputPaths = (
			);
			runOnlyForDeploymentPostprocessing = 0;
			shellPath = /bin/sh;
			shellScript = "\"${PODS_ROOT}/SwiftLint/swiftlint\"\n\n";
		};
		DDF1F1DDFC6F4BF17240BFCE /* [CP] Embed Pods Frameworks */ = {
			isa = PBXShellScriptBuildPhase;
			buildActionMask = 2147483647;
			files = (
			);
			inputFileListPaths = (
				"${PODS_ROOT}/Target Support Files/Pods-PetNote/Pods-PetNote-frameworks-${CONFIGURATION}-input-files.xcfilelist",
			);
			name = "[CP] Embed Pods Frameworks";
			outputFileListPaths = (
				"${PODS_ROOT}/Target Support Files/Pods-PetNote/Pods-PetNote-frameworks-${CONFIGURATION}-output-files.xcfilelist",
			);
			runOnlyForDeploymentPostprocessing = 0;
			shellPath = /bin/sh;
			shellScript = "\"${PODS_ROOT}/Target Support Files/Pods-PetNote/Pods-PetNote-frameworks.sh\"\n";
			showEnvVarsInLog = 0;
		};
		FFBBF07A8933F3F299AD3267 /* [CP] Check Pods Manifest.lock */ = {
			isa = PBXShellScriptBuildPhase;
			buildActionMask = 2147483647;
			files = (
			);
			inputFileListPaths = (
			);
			inputPaths = (
				"${PODS_PODFILE_DIR_PATH}/Podfile.lock",
				"${PODS_ROOT}/Manifest.lock",
			);
			name = "[CP] Check Pods Manifest.lock";
			outputFileListPaths = (
			);
			outputPaths = (
				"$(DERIVED_FILE_DIR)/Pods-PetNote-checkManifestLockResult.txt",
			);
			runOnlyForDeploymentPostprocessing = 0;
			shellPath = /bin/sh;
			shellScript = "diff \"${PODS_PODFILE_DIR_PATH}/Podfile.lock\" \"${PODS_ROOT}/Manifest.lock\" > /dev/null\nif [ $? != 0 ] ; then\n    # print error to STDERR\n    echo \"error: The sandbox is not in sync with the Podfile.lock. Run 'pod install' or update your CocoaPods installation.\" >&2\n    exit 1\nfi\n# This output is used by Xcode 'outputs' to avoid re-running this script phase.\necho \"SUCCESS\" > \"${SCRIPT_OUTPUT_FILE_0}\"\n";
			showEnvVarsInLog = 0;
		};
/* End PBXShellScriptBuildPhase section */

/* Begin PBXSourcesBuildPhase section */
		9181BC1F23177E1C007BB7C6 /* Sources */ = {
			isa = PBXSourcesBuildPhase;
			buildActionMask = 2147483647;
			files = (
				9166EFE72338C05D0086C70E /* ProtectPlanTableViewCell.swift in Sources */,
				9181BC632318ED07007BB7C6 /* BaseNavigationController.swift in Sources */,
				9166F0362338C2AA0086C70E /* HospitalRequest.swift in Sources */,
				9166F01F2338C1EE0086C70E /* NotificatonViewController.swift in Sources */,
				9166EF9C2338BE890086C70E /* TitleWithDateTableViewCell.swift in Sources */,
				9166F01C2338C1EE0086C70E /* OtherFunctionViewController.swift in Sources */,
				9166F0352338C2AA0086C70E /* Hospital.swift in Sources */,
				9166F00B2338C1C80086C70E /* AddRecordViewController.swift in Sources */,
				9166F0442338CBD10086C70E /* SearchHospitalView.swift in Sources */,
				9166EF3A2338B7FA0086C70E /* UIScreenExtension.swift in Sources */,
				9166EF372338B7FA0086C70E /* StringExtension.swift in Sources */,
				9181BC2923177E1C007BB7C6 /* TabBarViewController.swift in Sources */,
				9166F0062338C19D0086C70E /* HealthRecordViewController.swift in Sources */,
				9166EF392338B7FA0086C70E /* IntExtension.swift in Sources */,
				9166EFA92338BEE40086C70E /* SettingNotifyTableViewCell.swift in Sources */,
				9166EFA32338BE890086C70E /* MedicalRecordTableViewCell.swift in Sources */,
				9181BC5D2317DE27007BB7C6 /* SelectionView.swift in Sources */,
				9166EFEC2338C05D0086C70E /* ProfileDetailView.swift in Sources */,
				9166F03C2338C2AA0086C70E /* PNPetInfoExtension.swift in Sources */,
				9166F0052338C19D0086C70E /* ProfileViewController.swift in Sources */,
				9166F01A2338C1EE0086C70E /* MedicalViewController.swift in Sources */,
				9166EF382338B7FA0086C70E /* DateExtension.swift in Sources */,
				9166F0022338C19D0086C70E /* DeseasePreventionViewController.swift in Sources */,
				9166EF582338BC010086C70E /* DateSelectTableViewCell.swift in Sources */,
				9166EFDB2338C05D0086C70E /* WithImageSectionHeaderView.swift in Sources */,
				9166F00A2338C1C80086C70E /* RecordViewController.swift in Sources */,
				9166F01D2338C1EE0086C70E /* SearchHospitalViewController.swift in Sources */,
				9166F01E2338C1EE0086C70E /* NotificationManageViewController.swift in Sources */,
				9166F0342338C2AA0086C70E /* HospitalAPIManager.swift in Sources */,
				9181BC672319119D007BB7C6 /* UICollectionViewExtension.swift in Sources */,
				9166EF9E2338BE890086C70E /* BasicMedicalRecordTableViewCell.swift in Sources */,
				9166F0332338C2AA0086C70E /* LocalFileManager.swift in Sources */,
				9166F0002338C19D0086C70E /* BasicInfoViewController.swift in Sources */,
				9166EFD92338C05D0086C70E /* AddDataTableViewSectionHeaderView.swift in Sources */,
				9166EFEA2338C05D0086C70E /* NotifyTableViewCell.swift in Sources */,
				9166EF2E2338B0BF0086C70E /* BaseSwitchPetViewController.swift in Sources */,
				9166F03B2338C2AA0086C70E /* PetNote.xcdatamodeld in Sources */,
				9166F01B2338C1EE0086C70E /* AddMedicalViewController.swift in Sources */,
				9166EF2C2338AF5F0086C70E /* BaseViewController.swift in Sources */,
				9166F0012338C19D0086C70E /* AddPetViewController.swift in Sources */,
				9166EFA42338BE890086C70E /* MedicalBasicTableViewCell.swift in Sources */,
				9166EF572338BC010086C70E /* DescriptionTableViewCell.swift in Sources */,
				9166F0372338C2AA0086C70E /* ProtectPlan.swift in Sources */,
				91B97F5423375805008B940F /* UIColorExtension.swift in Sources */,
				9166F0042338C19D0086C70E /* AddingProtectPlanViewController.swift in Sources */,
				9166EF8E2338BDBD0086C70E /* SwitchPetView.swift in Sources */,
				9166EFD22338C05D0086C70E /* WeightLabelTableViewCell.swift in Sources */,
				9166F03D2338C2AA0086C70E /* StorageManager.swift in Sources */,
				9166EFD02338C05D0086C70E /* ProfileRootView.swift in Sources */,
				9181BC2723177E1C007BB7C6 /* AppDelegate.swift in Sources */,
				9166EFD42338C05D0086C70E /* ChartTableViewCell.swift in Sources */,
				91D963FB233666B3003A48AD /* URLExtension.swift in Sources */,
				9166F03A2338C2AA0086C70E /* MedicalRecord.swift in Sources */,
				9181BC572317C8C2007BB7C6 /* UITableViewExtension.swift in Sources */,
				9166EF302338B7D20086C70E /* UIImageExtension.swift in Sources */,
				9166F0032338C19D0086C70E /* ProtectPlanViewController.swift in Sources */,
				9166EFE02338C05D0086C70E /* AddImageTableViewCell.swift in Sources */,
				9166EFE52338C05D0086C70E /* ModifyBasicInfoTableViewCell.swift in Sources */,
				9181BC592317CC4B007BB7C6 /* UIViewExtension.swift in Sources */,
				9166EFA02338BE890086C70E /* TitleWithButtonTableViewCell.swift in Sources */,
				9166F0202338C1EE0086C70E /* SearchHospitalResultViewController.swift in Sources */,
				9166EF3C2338B8900086C70E /* BaseContainerViewController.swift in Sources */,
				9166EFE32338C05D0086C70E /* BasicInfoTableViewCell.swift in Sources */,
				9166F0382338C2AA0086C70E /* Pet.swift in Sources */,
				9166EF502338BBDE0086C70E /* PNChartView.swift in Sources */,
				9166EF362338B7FA0086C70E /* UITextFieldExtension.swift in Sources */,
				9166F0452338CBD10086C70E /* HospitalDataTableViewCell.swift in Sources */,
				9181BC492317AA3F007BB7C6 /* UIStoryboardExtension.swift in Sources */,
				9166EFDC2338C05D0086C70E /* AddPetView.swift in Sources */,
				9166EFD62338C05D0086C70E /* ProfileTableViewCell.swift in Sources */,
				9166EF8A2338BDBD0086C70E /* BasicCollectionViewCell.swift in Sources */,
				9166EFFE2338C19D0086C70E /* WeightRecordViewController.swift in Sources */,
				9166F0182338C1EE0086C70E /* SettingNotifyViewController.swift in Sources */,
				9166EFFC2338C19D0086C70E /* ProfileDetailViewController.swift in Sources */,
				9166EF8D2338BDBD0086C70E /* PetsCollectionViewCell.swift in Sources */,
				9166F0192338C1EE0086C70E /* AddMedicalRecordViewController.swift in Sources */,
				9166EFE62338C05D0086C70E /* ProtectTypeTableViewCell.swift in Sources */,
				9166F0392338C2AA0086C70E /* HTTPClient.swift in Sources */,
				9166EFFF2338C19D0086C70E /* ModifyBaseInfoViewController.swift in Sources */,
			);
			runOnlyForDeploymentPostprocessing = 0;
		};
/* End PBXSourcesBuildPhase section */

/* Begin PBXVariantGroup section */
		9181BC2A23177E1C007BB7C6 /* Main.storyboard */ = {
			isa = PBXVariantGroup;
			children = (
				9181BC2B23177E1C007BB7C6 /* Base */,
			);
			name = Main.storyboard;
			sourceTree = "<group>";
		};
		9181BC3223177E1D007BB7C6 /* LaunchScreen.storyboard */ = {
			isa = PBXVariantGroup;
			children = (
				9181BC3323177E1D007BB7C6 /* Base */,
			);
			name = LaunchScreen.storyboard;
			sourceTree = "<group>";
		};
/* End PBXVariantGroup section */

/* Begin XCBuildConfiguration section */
		9181BC3623177E1D007BB7C6 /* Debug */ = {
			isa = XCBuildConfiguration;
			buildSettings = {
				ALWAYS_SEARCH_USER_PATHS = NO;
				CLANG_ANALYZER_NONNULL = YES;
				CLANG_ANALYZER_NUMBER_OBJECT_CONVERSION = YES_AGGRESSIVE;
				CLANG_CXX_LANGUAGE_STANDARD = "gnu++14";
				CLANG_CXX_LIBRARY = "libc++";
				CLANG_ENABLE_MODULES = YES;
				CLANG_ENABLE_OBJC_ARC = YES;
				CLANG_ENABLE_OBJC_WEAK = YES;
				CLANG_WARN_BLOCK_CAPTURE_AUTORELEASING = YES;
				CLANG_WARN_BOOL_CONVERSION = YES;
				CLANG_WARN_COMMA = YES;
				CLANG_WARN_CONSTANT_CONVERSION = YES;
				CLANG_WARN_DEPRECATED_OBJC_IMPLEMENTATIONS = YES;
				CLANG_WARN_DIRECT_OBJC_ISA_USAGE = YES_ERROR;
				CLANG_WARN_DOCUMENTATION_COMMENTS = YES;
				CLANG_WARN_EMPTY_BODY = YES;
				CLANG_WARN_ENUM_CONVERSION = YES;
				CLANG_WARN_INFINITE_RECURSION = YES;
				CLANG_WARN_INT_CONVERSION = YES;
				CLANG_WARN_NON_LITERAL_NULL_CONVERSION = YES;
				CLANG_WARN_OBJC_IMPLICIT_RETAIN_SELF = YES;
				CLANG_WARN_OBJC_LITERAL_CONVERSION = YES;
				CLANG_WARN_OBJC_ROOT_CLASS = YES_ERROR;
				CLANG_WARN_RANGE_LOOP_ANALYSIS = YES;
				CLANG_WARN_STRICT_PROTOTYPES = YES;
				CLANG_WARN_SUSPICIOUS_MOVE = YES;
				CLANG_WARN_UNGUARDED_AVAILABILITY = YES_AGGRESSIVE;
				CLANG_WARN_UNREACHABLE_CODE = YES;
				CLANG_WARN__DUPLICATE_METHOD_MATCH = YES;
				CODE_SIGN_IDENTITY = "iPhone Developer";
				COPY_PHASE_STRIP = NO;
				DEBUG_INFORMATION_FORMAT = dwarf;
				ENABLE_STRICT_OBJC_MSGSEND = YES;
				ENABLE_TESTABILITY = YES;
				GCC_C_LANGUAGE_STANDARD = gnu11;
				GCC_DYNAMIC_NO_PIC = NO;
				GCC_NO_COMMON_BLOCKS = YES;
				GCC_OPTIMIZATION_LEVEL = 0;
				GCC_PREPROCESSOR_DEFINITIONS = (
					"DEBUG=1",
					"$(inherited)",
				);
				GCC_WARN_64_TO_32_BIT_CONVERSION = YES;
				GCC_WARN_ABOUT_RETURN_TYPE = YES_ERROR;
				GCC_WARN_UNDECLARED_SELECTOR = YES;
				GCC_WARN_UNINITIALIZED_AUTOS = YES_AGGRESSIVE;
				GCC_WARN_UNUSED_FUNCTION = YES;
				GCC_WARN_UNUSED_VARIABLE = YES;
				IPHONEOS_DEPLOYMENT_TARGET = 12.2;
				MTL_ENABLE_DEBUG_INFO = INCLUDE_SOURCE;
				MTL_FAST_MATH = YES;
				ONLY_ACTIVE_ARCH = YES;
				SDKROOT = iphoneos;
				SWIFT_ACTIVE_COMPILATION_CONDITIONS = DEBUG;
				SWIFT_OPTIMIZATION_LEVEL = "-Onone";
			};
			name = Debug;
		};
		9181BC3723177E1D007BB7C6 /* Release */ = {
			isa = XCBuildConfiguration;
			buildSettings = {
				ALWAYS_SEARCH_USER_PATHS = NO;
				CLANG_ANALYZER_NONNULL = YES;
				CLANG_ANALYZER_NUMBER_OBJECT_CONVERSION = YES_AGGRESSIVE;
				CLANG_CXX_LANGUAGE_STANDARD = "gnu++14";
				CLANG_CXX_LIBRARY = "libc++";
				CLANG_ENABLE_MODULES = YES;
				CLANG_ENABLE_OBJC_ARC = YES;
				CLANG_ENABLE_OBJC_WEAK = YES;
				CLANG_WARN_BLOCK_CAPTURE_AUTORELEASING = YES;
				CLANG_WARN_BOOL_CONVERSION = YES;
				CLANG_WARN_COMMA = YES;
				CLANG_WARN_CONSTANT_CONVERSION = YES;
				CLANG_WARN_DEPRECATED_OBJC_IMPLEMENTATIONS = YES;
				CLANG_WARN_DIRECT_OBJC_ISA_USAGE = YES_ERROR;
				CLANG_WARN_DOCUMENTATION_COMMENTS = YES;
				CLANG_WARN_EMPTY_BODY = YES;
				CLANG_WARN_ENUM_CONVERSION = YES;
				CLANG_WARN_INFINITE_RECURSION = YES;
				CLANG_WARN_INT_CONVERSION = YES;
				CLANG_WARN_NON_LITERAL_NULL_CONVERSION = YES;
				CLANG_WARN_OBJC_IMPLICIT_RETAIN_SELF = YES;
				CLANG_WARN_OBJC_LITERAL_CONVERSION = YES;
				CLANG_WARN_OBJC_ROOT_CLASS = YES_ERROR;
				CLANG_WARN_RANGE_LOOP_ANALYSIS = YES;
				CLANG_WARN_STRICT_PROTOTYPES = YES;
				CLANG_WARN_SUSPICIOUS_MOVE = YES;
				CLANG_WARN_UNGUARDED_AVAILABILITY = YES_AGGRESSIVE;
				CLANG_WARN_UNREACHABLE_CODE = YES;
				CLANG_WARN__DUPLICATE_METHOD_MATCH = YES;
				CODE_SIGN_IDENTITY = "iPhone Developer";
				COPY_PHASE_STRIP = NO;
				DEBUG_INFORMATION_FORMAT = "dwarf-with-dsym";
				ENABLE_NS_ASSERTIONS = NO;
				ENABLE_STRICT_OBJC_MSGSEND = YES;
				GCC_C_LANGUAGE_STANDARD = gnu11;
				GCC_NO_COMMON_BLOCKS = YES;
				GCC_WARN_64_TO_32_BIT_CONVERSION = YES;
				GCC_WARN_ABOUT_RETURN_TYPE = YES_ERROR;
				GCC_WARN_UNDECLARED_SELECTOR = YES;
				GCC_WARN_UNINITIALIZED_AUTOS = YES_AGGRESSIVE;
				GCC_WARN_UNUSED_FUNCTION = YES;
				GCC_WARN_UNUSED_VARIABLE = YES;
				IPHONEOS_DEPLOYMENT_TARGET = 12.2;
				MTL_ENABLE_DEBUG_INFO = NO;
				MTL_FAST_MATH = YES;
				SDKROOT = iphoneos;
				SWIFT_COMPILATION_MODE = wholemodule;
				SWIFT_OPTIMIZATION_LEVEL = "-O";
				VALIDATE_PRODUCT = YES;
			};
			name = Release;
		};
		9181BC3923177E1D007BB7C6 /* Debug */ = {
			isa = XCBuildConfiguration;
			baseConfigurationReference = C1B26700EEE001AE14DFC34D /* Pods-PetNote.debug.xcconfig */;
			buildSettings = {
				ASSETCATALOG_COMPILER_APPICON_NAME = AppIcon;
				CODE_SIGN_STYLE = Automatic;
				INFOPLIST_FILE = PetNote/Info.plist;
				LD_RUNPATH_SEARCH_PATHS = (
					"$(inherited)",
					"@executable_path/Frameworks",
				);
				PRODUCT_BUNDLE_IDENTIFIER = com.ichingChen.PetNote;
				PRODUCT_NAME = "$(TARGET_NAME)";
				SWIFT_VERSION = 5.0;
				TARGETED_DEVICE_FAMILY = "1,2";
			};
			name = Debug;
		};
		9181BC3A23177E1D007BB7C6 /* Release */ = {
			isa = XCBuildConfiguration;
			baseConfigurationReference = 8B1361EE367C157E8D7CBCD6 /* Pods-PetNote.release.xcconfig */;
			buildSettings = {
				ASSETCATALOG_COMPILER_APPICON_NAME = AppIcon;
				CODE_SIGN_STYLE = Automatic;
				INFOPLIST_FILE = PetNote/Info.plist;
				LD_RUNPATH_SEARCH_PATHS = (
					"$(inherited)",
					"@executable_path/Frameworks",
				);
				PRODUCT_BUNDLE_IDENTIFIER = com.ichingChen.PetNote;
				PRODUCT_NAME = "$(TARGET_NAME)";
				SWIFT_VERSION = 5.0;
				TARGETED_DEVICE_FAMILY = "1,2";
			};
			name = Release;
		};
/* End XCBuildConfiguration section */

/* Begin XCConfigurationList section */
		9181BC1E23177E1C007BB7C6 /* Build configuration list for PBXProject "PetNote" */ = {
			isa = XCConfigurationList;
			buildConfigurations = (
				9181BC3623177E1D007BB7C6 /* Debug */,
				9181BC3723177E1D007BB7C6 /* Release */,
			);
			defaultConfigurationIsVisible = 0;
			defaultConfigurationName = Release;
		};
		9181BC3823177E1D007BB7C6 /* Build configuration list for PBXNativeTarget "PetNote" */ = {
			isa = XCConfigurationList;
			buildConfigurations = (
				9181BC3923177E1D007BB7C6 /* Debug */,
				9181BC3A23177E1D007BB7C6 /* Release */,
			);
			defaultConfigurationIsVisible = 0;
			defaultConfigurationName = Release;
		};
/* End XCConfigurationList section */

/* Begin XCVersionGroup section */
		9166F02F2338C2AA0086C70E /* PetNote.xcdatamodeld */ = {
			isa = XCVersionGroup;
			children = (
				9166F0302338C2AA0086C70E /* PetNote.xcdatamodel */,
			);
			currentVersion = 9166F0302338C2AA0086C70E /* PetNote.xcdatamodel */;
			path = PetNote.xcdatamodeld;
			sourceTree = "<group>";
			versionGroupType = wrapper.xcdatamodel;
		};
/* End XCVersionGroup section */
	};
	rootObject = 9181BC1B23177E1C007BB7C6 /* Project object */;
}
